
Microsoft Visual Studio Solution File, Format Version 12.00
# Visual Studio 15
VisualStudioVersion = 15.0.28307.1433
MinimumVisualStudioVersion = 10.0.40219.1
Project("{FAE04EC0-301F-11D3-BF4B-00C04F79EFBC}") = "LD2_WebApp", "LD2_WebApp\LD2_WebApp.csproj", "{F03C9A9A-DAD7-4BCC-84CC-B57CE29F64AF}"
EndProject
Global
	GlobalSection(SolutionConfigurationPlatforms) = preSolution
		Debug|Any CPU = Debug|Any CPU
		Release|Any CPU = Release|Any CPU
	EndGlobalSection
	GlobalSection(ProjectConfigurationPlatforms) = postSolution
		{F03C9A9A-DAD7-4BCC-84CC-B57CE29F64AF}.Debug|Any CPU.ActiveCfg = Debug|Any CPU
		{F03C9A9A-DAD7-4BCC-84CC-B57CE29F64AF}.Debug|Any CPU.Build.0 = Debug|Any CPU
		{F03C9A9A-DAD7-4BCC-84CC-B57CE29F64AF}.Release|Any CPU.ActiveCfg = Release|Any CPU
		{F03C9A9A-DAD7-4BCC-84CC-B57CE29F64AF}.Release|Any CPU.Build.0 = Release|Any CPU
	EndGlobalSection
	GlobalSection(SolutionProperties) = preSolution
		HideSolutionNode = FALSE
	EndGlobalSection
	GlobalSection(ExtensibilityGlobals) = postSolution
		SolutionGuid = {BA1DDA4B-01F3-4DA6-B6C1-39DB2543D125}
	EndGlobalSection
EndGlobal
