
Microsoft Visual Studio Solution File, Format Version 12.00
# Visual Studio 15
VisualStudioVersion = 15.0.28307.1433
MinimumVisualStudioVersion = 10.0.40219.1
Project("{FAE04EC0-301F-11D3-BF4B-00C04F79EFBC}") = "Lab4_WebApp", "Lab4_WebApp\Lab4_WebApp.csproj", "{3050DC68-0709-46F6-86F7-696763F13898}"
EndProject
Project("{FAE04EC0-301F-11D3-BF4B-00C04F79EFBC}") = "TaskUtilTests", "TaskUtilsTests\TaskUtilTests.csproj", "{AB3915B7-1F25-4D03-B321-9B675DA725C6}"
EndProject
Global
	GlobalSection(SolutionConfigurationPlatforms) = preSolution
		Debug|Any CPU = Debug|Any CPU
		Release|Any CPU = Release|Any CPU
	EndGlobalSection
	GlobalSection(ProjectConfigurationPlatforms) = postSolution
		{3050DC68-0709-46F6-86F7-696763F13898}.Debug|Any CPU.ActiveCfg = Debug|Any CPU
		{3050DC68-0709-46F6-86F7-696763F13898}.Debug|Any CPU.Build.0 = Debug|Any CPU
		{3050DC68-0709-46F6-86F7-696763F13898}.Release|Any CPU.ActiveCfg = Release|Any CPU
		{3050DC68-0709-46F6-86F7-696763F13898}.Release|Any CPU.Build.0 = Release|Any CPU
		{AB3915B7-1F25-4D03-B321-9B675DA725C6}.Debug|Any CPU.ActiveCfg = Debug|Any CPU
		{AB3915B7-1F25-4D03-B321-9B675DA725C6}.Debug|Any CPU.Build.0 = Debug|Any CPU
		{AB3915B7-1F25-4D03-B321-9B675DA725C6}.Release|Any CPU.ActiveCfg = Release|Any CPU
		{AB3915B7-1F25-4D03-B321-9B675DA725C6}.Release|Any CPU.Build.0 = Release|Any CPU
	EndGlobalSection
	GlobalSection(SolutionProperties) = preSolution
		HideSolutionNode = FALSE
	EndGlobalSection
	GlobalSection(ExtensibilityGlobals) = postSolution
		SolutionGuid = {38FA4B62-C3FE-4B1B-AAA4-25F1F2689C59}
	EndGlobalSection
EndGlobal
